
Microsoft Visual Studio Solution File, Format Version 12.00
# Visual Studio Version 17
VisualStudioVersion = 17.13.35931.197
MinimumVisualStudioVersion = 10.0.40219.1
Project("{8BC9CEB8-8B4A-11D0-8D11-00A0C91BC942}") = "00-01", "00-01\00-01.vcxproj", "{CF41A0AD-D556-46BA-A24A-413BD4148E23}"
EndProject
Project("{2150E333-8FDC-42A3-9474-1A3956D46DE8}") = "ソリューション項目", "ソリューション項目", "{2022CB0F-8BAF-F49E-0C48-8EF4C96EC109}"
	ProjectSection(SolutionItems) = preProject
		.editorconfig = .editorconfig
	EndProjectSection
EndProject
Project("{8BC9CEB8-8B4A-11D0-8D11-00A0C91BC942}") = "01-02", "01-02\01-02.vcxproj", "{AE8B32D1-90EF-479E-BE4F-A2336B8544C9}"
EndProject
Project("{8BC9CEB8-8B4A-11D0-8D11-00A0C91BC942}") = "02-01", "02-01\02-01.vcxproj", "{4376675A-230C-4230-AF02-1DA4BEF1D354}"
EndProject
Project("{8BC9CEB8-8B4A-11D0-8D11-00A0C91BC942}") = "02-02", "02-02\02-02.vcxproj", "{3DD01CDE-364E-4E8E-B542-E530A254905D}"
EndProject
Project("{8BC9CEB8-8B4A-11D0-8D11-00A0C91BC942}") = "02-03", "02-03\02-03.vcxproj", "{8C9BB954-6035-49E2-B094-7584C8AFC183}"
EndProject
Project("{8BC9CEB8-8B4A-11D0-8D11-00A0C91BC942}") = "02-04", "02-04\02-04.vcxproj", "{B6EAC7B4-EA7A-4A70-92D8-92EC1E8BDD0D}"
EndProject
Project("{8BC9CEB8-8B4A-11D0-8D11-00A0C91BC942}") = "03-01", "03-01\03-01.vcxproj", "{9BA73FD2-3CB6-4FF6-8945-015543224627}"
EndProject
Project("{8BC9CEB8-8B4A-11D0-8D11-00A0C91BC942}") = "01-01", "01-01\01-01.vcxproj", "{91660020-8D38-4662-A194-4055F60D81BB}"
EndProject
Project("{8BC9CEB8-8B4A-11D0-8D11-00A0C91BC942}") = "03-02", "03-02\03-02.vcxproj", "{6EB78576-15FF-4270-A178-974E40860347}"
EndProject
Project("{8BC9CEB8-8B4A-11D0-8D11-00A0C91BC942}") = "03-03", "03-03\03-03.vcxproj", "{F4B186BD-0FC3-4473-BBE4-E8F0AB5F1746}"
EndProject
Project("{8BC9CEB8-8B4A-11D0-8D11-00A0C91BC942}") = "03-04", "03-04\03-04.vcxproj", "{25D42529-25E9-447D-B470-4A547E41B4A5}"
EndProject
Project("{8BC9CEB8-8B4A-11D0-8D11-00A0C91BC942}") = "04-01", "04-01\04-01.vcxproj", "{6BF9EC20-3CAD-4A00-9CAD-F6DA0D2AFFAC}"
EndProject
Project("{8BC9CEB8-8B4A-11D0-8D11-00A0C91BC942}") = "05-02", "05-01\Novice.vcxproj", "{0BC4A122-F06A-4486-BA08-4C9ACCA4AAB0}"
EndProject
Project("{8BC9CEB8-8B4A-11D0-8D11-00A0C91BC942}") = "05-01", "05-02\05-02.vcxproj", "{A3C9F1B4-8D7C-4A2E-9C1F-123456789ABC}"
EndProject
Project("{8BC9CEB8-8B4A-11D0-8D11-00A0C91BC942}") = "06-01", "06-01\06-01.vcxproj", "{30E3D36F-A1F4-4462-B9EC-E8827185C39E}"
EndProject
Project("{8BC9CEB8-8B4A-11D0-8D11-00A0C91BC942}") = "06-02", "06-02\06-02.vcxproj", "{EF20CFF0-F5F4-4EB8-808D-9C6FEBD38DAF}"
EndProject
Global
	GlobalSection(SolutionConfigurationPlatforms) = preSolution
		Debug|x64 = Debug|x64
		Debug|x86 = Debug|x86
		Release|x64 = Release|x64
		Release|x86 = Release|x86
	EndGlobalSection
	GlobalSection(ProjectConfigurationPlatforms) = postSolution
		{CF41A0AD-D556-46BA-A24A-413BD4148E23}.Debug|x64.ActiveCfg = Debug|x64
		{CF41A0AD-D556-46BA-A24A-413BD4148E23}.Debug|x64.Build.0 = Debug|x64
		{CF41A0AD-D556-46BA-A24A-413BD4148E23}.Debug|x86.ActiveCfg = Debug|Win32
		{CF41A0AD-D556-46BA-A24A-413BD4148E23}.Debug|x86.Build.0 = Debug|Win32
		{CF41A0AD-D556-46BA-A24A-413BD4148E23}.Release|x64.ActiveCfg = Release|x64
		{CF41A0AD-D556-46BA-A24A-413BD4148E23}.Release|x64.Build.0 = Release|x64
		{CF41A0AD-D556-46BA-A24A-413BD4148E23}.Release|x86.ActiveCfg = Release|Win32
		{CF41A0AD-D556-46BA-A24A-413BD4148E23}.Release|x86.Build.0 = Release|Win32
		{AE8B32D1-90EF-479E-BE4F-A2336B8544C9}.Debug|x64.ActiveCfg = Debug|x64
		{AE8B32D1-90EF-479E-BE4F-A2336B8544C9}.Debug|x64.Build.0 = Debug|x64
		{AE8B32D1-90EF-479E-BE4F-A2336B8544C9}.Debug|x86.ActiveCfg = Debug|Win32
		{AE8B32D1-90EF-479E-BE4F-A2336B8544C9}.Debug|x86.Build.0 = Debug|Win32
		{AE8B32D1-90EF-479E-BE4F-A2336B8544C9}.Release|x64.ActiveCfg = Release|x64
		{AE8B32D1-90EF-479E-BE4F-A2336B8544C9}.Release|x64.Build.0 = Release|x64
		{AE8B32D1-90EF-479E-BE4F-A2336B8544C9}.Release|x86.ActiveCfg = Release|Win32
		{AE8B32D1-90EF-479E-BE4F-A2336B8544C9}.Release|x86.Build.0 = Release|Win32
		{4376675A-230C-4230-AF02-1DA4BEF1D354}.Debug|x64.ActiveCfg = Debug|x64
		{4376675A-230C-4230-AF02-1DA4BEF1D354}.Debug|x64.Build.0 = Debug|x64
		{4376675A-230C-4230-AF02-1DA4BEF1D354}.Debug|x86.ActiveCfg = Debug|Win32
		{4376675A-230C-4230-AF02-1DA4BEF1D354}.Debug|x86.Build.0 = Debug|Win32
		{4376675A-230C-4230-AF02-1DA4BEF1D354}.Release|x64.ActiveCfg = Release|x64
		{4376675A-230C-4230-AF02-1DA4BEF1D354}.Release|x64.Build.0 = Release|x64
		{4376675A-230C-4230-AF02-1DA4BEF1D354}.Release|x86.ActiveCfg = Release|Win32
		{4376675A-230C-4230-AF02-1DA4BEF1D354}.Release|x86.Build.0 = Release|Win32
		{3DD01CDE-364E-4E8E-B542-E530A254905D}.Debug|x64.ActiveCfg = Debug|x64
		{3DD01CDE-364E-4E8E-B542-E530A254905D}.Debug|x64.Build.0 = Debug|x64
		{3DD01CDE-364E-4E8E-B542-E530A254905D}.Debug|x86.ActiveCfg = Debug|Win32
		{3DD01CDE-364E-4E8E-B542-E530A254905D}.Debug|x86.Build.0 = Debug|Win32
		{3DD01CDE-364E-4E8E-B542-E530A254905D}.Release|x64.ActiveCfg = Release|x64
		{3DD01CDE-364E-4E8E-B542-E530A254905D}.Release|x64.Build.0 = Release|x64
		{3DD01CDE-364E-4E8E-B542-E530A254905D}.Release|x86.ActiveCfg = Release|Win32
		{3DD01CDE-364E-4E8E-B542-E530A254905D}.Release|x86.Build.0 = Release|Win32
		{8C9BB954-6035-49E2-B094-7584C8AFC183}.Debug|x64.ActiveCfg = Debug|x64
		{8C9BB954-6035-49E2-B094-7584C8AFC183}.Debug|x64.Build.0 = Debug|x64
		{8C9BB954-6035-49E2-B094-7584C8AFC183}.Debug|x86.ActiveCfg = Debug|Win32
		{8C9BB954-6035-49E2-B094-7584C8AFC183}.Debug|x86.Build.0 = Debug|Win32
		{8C9BB954-6035-49E2-B094-7584C8AFC183}.Release|x64.ActiveCfg = Release|x64
		{8C9BB954-6035-49E2-B094-7584C8AFC183}.Release|x64.Build.0 = Release|x64
		{8C9BB954-6035-49E2-B094-7584C8AFC183}.Release|x86.ActiveCfg = Release|Win32
		{8C9BB954-6035-49E2-B094-7584C8AFC183}.Release|x86.Build.0 = Release|Win32
		{B6EAC7B4-EA7A-4A70-92D8-92EC1E8BDD0D}.Debug|x64.ActiveCfg = Debug|x64
		{B6EAC7B4-EA7A-4A70-92D8-92EC1E8BDD0D}.Debug|x64.Build.0 = Debug|x64
		{B6EAC7B4-EA7A-4A70-92D8-92EC1E8BDD0D}.Debug|x86.ActiveCfg = Debug|Win32
		{B6EAC7B4-EA7A-4A70-92D8-92EC1E8BDD0D}.Debug|x86.Build.0 = Debug|Win32
		{B6EAC7B4-EA7A-4A70-92D8-92EC1E8BDD0D}.Release|x64.ActiveCfg = Release|x64
		{B6EAC7B4-EA7A-4A70-92D8-92EC1E8BDD0D}.Release|x64.Build.0 = Release|x64
		{B6EAC7B4-EA7A-4A70-92D8-92EC1E8BDD0D}.Release|x86.ActiveCfg = Release|Win32
		{B6EAC7B4-EA7A-4A70-92D8-92EC1E8BDD0D}.Release|x86.Build.0 = Release|Win32
		{9BA73FD2-3CB6-4FF6-8945-015543224627}.Debug|x64.ActiveCfg = Debug|x64
		{9BA73FD2-3CB6-4FF6-8945-015543224627}.Debug|x64.Build.0 = Debug|x64
		{9BA73FD2-3CB6-4FF6-8945-015543224627}.Debug|x86.ActiveCfg = Debug|Win32
		{9BA73FD2-3CB6-4FF6-8945-015543224627}.Debug|x86.Build.0 = Debug|Win32
		{9BA73FD2-3CB6-4FF6-8945-015543224627}.Release|x64.ActiveCfg = Release|x64
		{9BA73FD2-3CB6-4FF6-8945-015543224627}.Release|x64.Build.0 = Release|x64
		{9BA73FD2-3CB6-4FF6-8945-015543224627}.Release|x86.ActiveCfg = Release|Win32
		{9BA73FD2-3CB6-4FF6-8945-015543224627}.Release|x86.Build.0 = Release|Win32
		{91660020-8D38-4662-A194-4055F60D81BB}.Debug|x64.ActiveCfg = Debug|x64
		{91660020-8D38-4662-A194-4055F60D81BB}.Debug|x64.Build.0 = Debug|x64
		{91660020-8D38-4662-A194-4055F60D81BB}.Debug|x86.ActiveCfg = Debug|Win32
		{91660020-8D38-4662-A194-4055F60D81BB}.Debug|x86.Build.0 = Debug|Win32
		{91660020-8D38-4662-A194-4055F60D81BB}.Release|x64.ActiveCfg = Release|x64
		{91660020-8D38-4662-A194-4055F60D81BB}.Release|x64.Build.0 = Release|x64
		{91660020-8D38-4662-A194-4055F60D81BB}.Release|x86.ActiveCfg = Release|Win32
		{91660020-8D38-4662-A194-4055F60D81BB}.Release|x86.Build.0 = Release|Win32
		{6EB78576-15FF-4270-A178-974E40860347}.Debug|x64.ActiveCfg = Debug|x64
		{6EB78576-15FF-4270-A178-974E40860347}.Debug|x64.Build.0 = Debug|x64
		{6EB78576-15FF-4270-A178-974E40860347}.Debug|x86.ActiveCfg = Debug|Win32
		{6EB78576-15FF-4270-A178-974E40860347}.Debug|x86.Build.0 = Debug|Win32
		{6EB78576-15FF-4270-A178-974E40860347}.Release|x64.ActiveCfg = Release|x64
		{6EB78576-15FF-4270-A178-974E40860347}.Release|x64.Build.0 = Release|x64
		{6EB78576-15FF-4270-A178-974E40860347}.Release|x86.ActiveCfg = Release|Win32
		{6EB78576-15FF-4270-A178-974E40860347}.Release|x86.Build.0 = Release|Win32
		{F4B186BD-0FC3-4473-BBE4-E8F0AB5F1746}.Debug|x64.ActiveCfg = Debug|x64
		{F4B186BD-0FC3-4473-BBE4-E8F0AB5F1746}.Debug|x64.Build.0 = Debug|x64
		{F4B186BD-0FC3-4473-BBE4-E8F0AB5F1746}.Debug|x86.ActiveCfg = Debug|Win32
		{F4B186BD-0FC3-4473-BBE4-E8F0AB5F1746}.Debug|x86.Build.0 = Debug|Win32
		{F4B186BD-0FC3-4473-BBE4-E8F0AB5F1746}.Release|x64.ActiveCfg = Release|x64
		{F4B186BD-0FC3-4473-BBE4-E8F0AB5F1746}.Release|x64.Build.0 = Release|x64
		{F4B186BD-0FC3-4473-BBE4-E8F0AB5F1746}.Release|x86.ActiveCfg = Release|Win32
		{F4B186BD-0FC3-4473-BBE4-E8F0AB5F1746}.Release|x86.Build.0 = Release|Win32
		{25D42529-25E9-447D-B470-4A547E41B4A5}.Debug|x64.ActiveCfg = Debug|x64
		{25D42529-25E9-447D-B470-4A547E41B4A5}.Debug|x64.Build.0 = Debug|x64
		{25D42529-25E9-447D-B470-4A547E41B4A5}.Debug|x86.ActiveCfg = Debug|Win32
		{25D42529-25E9-447D-B470-4A547E41B4A5}.Debug|x86.Build.0 = Debug|Win32
		{25D42529-25E9-447D-B470-4A547E41B4A5}.Release|x64.ActiveCfg = Release|x64
		{25D42529-25E9-447D-B470-4A547E41B4A5}.Release|x64.Build.0 = Release|x64
		{25D42529-25E9-447D-B470-4A547E41B4A5}.Release|x86.ActiveCfg = Release|Win32
		{25D42529-25E9-447D-B470-4A547E41B4A5}.Release|x86.Build.0 = Release|Win32
		{6BF9EC20-3CAD-4A00-9CAD-F6DA0D2AFFAC}.Debug|x64.ActiveCfg = Debug|x64
		{6BF9EC20-3CAD-4A00-9CAD-F6DA0D2AFFAC}.Debug|x64.Build.0 = Debug|x64
		{6BF9EC20-3CAD-4A00-9CAD-F6DA0D2AFFAC}.Debug|x86.ActiveCfg = Debug|x64
		{6BF9EC20-3CAD-4A00-9CAD-F6DA0D2AFFAC}.Debug|x86.Build.0 = Debug|x64
		{6BF9EC20-3CAD-4A00-9CAD-F6DA0D2AFFAC}.Release|x64.ActiveCfg = Release|x64
		{6BF9EC20-3CAD-4A00-9CAD-F6DA0D2AFFAC}.Release|x64.Build.0 = Release|x64
		{6BF9EC20-3CAD-4A00-9CAD-F6DA0D2AFFAC}.Release|x86.ActiveCfg = Release|x64
		{6BF9EC20-3CAD-4A00-9CAD-F6DA0D2AFFAC}.Release|x86.Build.0 = Release|x64
		{0BC4A122-F06A-4486-BA08-4C9ACCA4AAB0}.Debug|x64.ActiveCfg = Debug|x64
		{0BC4A122-F06A-4486-BA08-4C9ACCA4AAB0}.Debug|x64.Build.0 = Debug|x64
		{0BC4A122-F06A-4486-BA08-4C9ACCA4AAB0}.Debug|x86.ActiveCfg = Debug|x64
		{0BC4A122-F06A-4486-BA08-4C9ACCA4AAB0}.Debug|x86.Build.0 = Debug|x64
		{0BC4A122-F06A-4486-BA08-4C9ACCA4AAB0}.Release|x64.ActiveCfg = Release|x64
		{0BC4A122-F06A-4486-BA08-4C9ACCA4AAB0}.Release|x64.Build.0 = Release|x64
		{0BC4A122-F06A-4486-BA08-4C9ACCA4AAB0}.Release|x86.ActiveCfg = Release|x64
		{0BC4A122-F06A-4486-BA08-4C9ACCA4AAB0}.Release|x86.Build.0 = Release|x64
		{A3C9F1B4-8D7C-4A2E-9C1F-123456789ABC}.Debug|x64.ActiveCfg = Debug|x64
		{A3C9F1B4-8D7C-4A2E-9C1F-123456789ABC}.Debug|x64.Build.0 = Debug|x64
		{A3C9F1B4-8D7C-4A2E-9C1F-123456789ABC}.Debug|x86.ActiveCfg = Debug|x64
		{A3C9F1B4-8D7C-4A2E-9C1F-123456789ABC}.Debug|x86.Build.0 = Debug|x64
		{A3C9F1B4-8D7C-4A2E-9C1F-123456789ABC}.Release|x64.ActiveCfg = Release|x64
		{A3C9F1B4-8D7C-4A2E-9C1F-123456789ABC}.Release|x64.Build.0 = Release|x64
		{A3C9F1B4-8D7C-4A2E-9C1F-123456789ABC}.Release|x86.ActiveCfg = Release|x64
		{A3C9F1B4-8D7C-4A2E-9C1F-123456789ABC}.Release|x86.Build.0 = Release|x64
		{30E3D36F-A1F4-4462-B9EC-E8827185C39E}.Debug|x64.ActiveCfg = Debug|x64
		{30E3D36F-A1F4-4462-B9EC-E8827185C39E}.Debug|x64.Build.0 = Debug|x64
		{30E3D36F-A1F4-4462-B9EC-E8827185C39E}.Debug|x86.ActiveCfg = Debug|Win32
		{30E3D36F-A1F4-4462-B9EC-E8827185C39E}.Debug|x86.Build.0 = Debug|Win32
		{30E3D36F-A1F4-4462-B9EC-E8827185C39E}.Release|x64.ActiveCfg = Release|x64
		{30E3D36F-A1F4-4462-B9EC-E8827185C39E}.Release|x64.Build.0 = Release|x64
		{30E3D36F-A1F4-4462-B9EC-E8827185C39E}.Release|x86.ActiveCfg = Release|Win32
		{30E3D36F-A1F4-4462-B9EC-E8827185C39E}.Release|x86.Build.0 = Release|Win32
		{EF20CFF0-F5F4-4EB8-808D-9C6FEBD38DAF}.Debug|x64.ActiveCfg = Debug|x64
		{EF20CFF0-F5F4-4EB8-808D-9C6FEBD38DAF}.Debug|x64.Build.0 = Debug|x64
		{EF20CFF0-F5F4-4EB8-808D-9C6FEBD38DAF}.Debug|x86.ActiveCfg = Debug|Win32
		{EF20CFF0-F5F4-4EB8-808D-9C6FEBD38DAF}.Debug|x86.Build.0 = Debug|Win32
		{EF20CFF0-F5F4-4EB8-808D-9C6FEBD38DAF}.Release|x64.ActiveCfg = Release|x64
		{EF20CFF0-F5F4-4EB8-808D-9C6FEBD38DAF}.Release|x64.Build.0 = Release|x64
		{EF20CFF0-F5F4-4EB8-808D-9C6FEBD38DAF}.Release|x86.ActiveCfg = Release|Win32
		{EF20CFF0-F5F4-4EB8-808D-9C6FEBD38DAF}.Release|x86.Build.0 = Release|Win32
	EndGlobalSection
	GlobalSection(SolutionProperties) = preSolution
		HideSolutionNode = FALSE
	EndGlobalSection
	GlobalSection(ExtensibilityGlobals) = postSolution
		SolutionGuid = {C49A18D1-A67D-4D56-A213-C8E2E30EA0EA}
	EndGlobalSection
EndGlobal
