
Microsoft Visual Studio Solution File, Format Version 12.00
# Visual Studio Version 17
VisualStudioVersion = 17.13.35931.197
MinimumVisualStudioVersion = 10.0.40219.1
Project("{8BC9CEB8-8B4A-11D0-8D11-00A0C91BC942}") = "00-01", "00-01\00-01.vcxproj", "{CF41A0AD-D556-46BA-A24A-413BD4148E23}"
EndProject
Project("{2150E333-8FDC-42A3-9474-1A3956D46DE8}") = "ソリューション項目", "ソリューション項目", "{2022CB0F-8BAF-F49E-0C48-8EF4C96EC109}"
	ProjectSection(SolutionItems) = preProject
		.editorconfig = .editorconfig
	EndProjectSection
EndProject
Project("{8BC9CEB8-8B4A-11D0-8D11-00A0C91BC942}") = "01-01", "00-02\00-02.vcxproj", "{33643378-3507-464D-9B29-3D6673AEE954}"
EndProject
Project("{8BC9CEB8-8B4A-11D0-8D11-00A0C91BC942}") = "01-02", "01-02\01-02.vcxproj", "{AE8B32D1-90EF-479E-BE4F-A2336B8544C9}"
EndProject
Project("{8BC9CEB8-8B4A-11D0-8D11-00A0C91BC942}") = "02-01", "02-01\02-01.vcxproj", "{4376675A-230C-4230-AF02-1DA4BEF1D354}"
EndProject
Project("{8BC9CEB8-8B4A-11D0-8D11-00A0C91BC942}") = "02-02", "02-02\02-02.vcxproj", "{3DD01CDE-364E-4E8E-B542-E530A254905D}"
EndProject
Global
	GlobalSection(SolutionConfigurationPlatforms) = preSolution
		Debug|x64 = Debug|x64
		Debug|x86 = Debug|x86
		Release|x64 = Release|x64
		Release|x86 = Release|x86
	EndGlobalSection
	GlobalSection(ProjectConfigurationPlatforms) = postSolution
		{CF41A0AD-D556-46BA-A24A-413BD4148E23}.Debug|x64.ActiveCfg = Debug|x64
		{CF41A0AD-D556-46BA-A24A-413BD4148E23}.Debug|x64.Build.0 = Debug|x64
		{CF41A0AD-D556-46BA-A24A-413BD4148E23}.Debug|x86.ActiveCfg = Debug|Win32
		{CF41A0AD-D556-46BA-A24A-413BD4148E23}.Debug|x86.Build.0 = Debug|Win32
		{CF41A0AD-D556-46BA-A24A-413BD4148E23}.Release|x64.ActiveCfg = Release|x64
		{CF41A0AD-D556-46BA-A24A-413BD4148E23}.Release|x64.Build.0 = Release|x64
		{CF41A0AD-D556-46BA-A24A-413BD4148E23}.Release|x86.ActiveCfg = Release|Win32
		{CF41A0AD-D556-46BA-A24A-413BD4148E23}.Release|x86.Build.0 = Release|Win32
		{33643378-3507-464D-9B29-3D6673AEE954}.Debug|x64.ActiveCfg = Debug|x64
		{33643378-3507-464D-9B29-3D6673AEE954}.Debug|x64.Build.0 = Debug|x64
		{33643378-3507-464D-9B29-3D6673AEE954}.Debug|x86.ActiveCfg = Debug|Win32
		{33643378-3507-464D-9B29-3D6673AEE954}.Debug|x86.Build.0 = Debug|Win32
		{33643378-3507-464D-9B29-3D6673AEE954}.Release|x64.ActiveCfg = Release|x64
		{33643378-3507-464D-9B29-3D6673AEE954}.Release|x64.Build.0 = Release|x64
		{33643378-3507-464D-9B29-3D6673AEE954}.Release|x86.ActiveCfg = Release|Win32
		{33643378-3507-464D-9B29-3D6673AEE954}.Release|x86.Build.0 = Release|Win32
		{AE8B32D1-90EF-479E-BE4F-A2336B8544C9}.Debug|x64.ActiveCfg = Debug|x64
		{AE8B32D1-90EF-479E-BE4F-A2336B8544C9}.Debug|x64.Build.0 = Debug|x64
		{AE8B32D1-90EF-479E-BE4F-A2336B8544C9}.Debug|x86.ActiveCfg = Debug|Win32
		{AE8B32D1-90EF-479E-BE4F-A2336B8544C9}.Debug|x86.Build.0 = Debug|Win32
		{AE8B32D1-90EF-479E-BE4F-A2336B8544C9}.Release|x64.ActiveCfg = Release|x64
		{AE8B32D1-90EF-479E-BE4F-A2336B8544C9}.Release|x64.Build.0 = Release|x64
		{AE8B32D1-90EF-479E-BE4F-A2336B8544C9}.Release|x86.ActiveCfg = Release|Win32
		{AE8B32D1-90EF-479E-BE4F-A2336B8544C9}.Release|x86.Build.0 = Release|Win32
		{4376675A-230C-4230-AF02-1DA4BEF1D354}.Debug|x64.ActiveCfg = Debug|x64
		{4376675A-230C-4230-AF02-1DA4BEF1D354}.Debug|x64.Build.0 = Debug|x64
		{4376675A-230C-4230-AF02-1DA4BEF1D354}.Debug|x86.ActiveCfg = Debug|Win32
		{4376675A-230C-4230-AF02-1DA4BEF1D354}.Debug|x86.Build.0 = Debug|Win32
		{4376675A-230C-4230-AF02-1DA4BEF1D354}.Release|x64.ActiveCfg = Release|x64
		{4376675A-230C-4230-AF02-1DA4BEF1D354}.Release|x64.Build.0 = Release|x64
		{4376675A-230C-4230-AF02-1DA4BEF1D354}.Release|x86.ActiveCfg = Release|Win32
		{4376675A-230C-4230-AF02-1DA4BEF1D354}.Release|x86.Build.0 = Release|Win32
		{3DD01CDE-364E-4E8E-B542-E530A254905D}.Debug|x64.ActiveCfg = Debug|x64
		{3DD01CDE-364E-4E8E-B542-E530A254905D}.Debug|x64.Build.0 = Debug|x64
		{3DD01CDE-364E-4E8E-B542-E530A254905D}.Debug|x86.ActiveCfg = Debug|Win32
		{3DD01CDE-364E-4E8E-B542-E530A254905D}.Debug|x86.Build.0 = Debug|Win32
		{3DD01CDE-364E-4E8E-B542-E530A254905D}.Release|x64.ActiveCfg = Release|x64
		{3DD01CDE-364E-4E8E-B542-E530A254905D}.Release|x64.Build.0 = Release|x64
		{3DD01CDE-364E-4E8E-B542-E530A254905D}.Release|x86.ActiveCfg = Release|Win32
		{3DD01CDE-364E-4E8E-B542-E530A254905D}.Release|x86.Build.0 = Release|Win32
	EndGlobalSection
	GlobalSection(SolutionProperties) = preSolution
		HideSolutionNode = FALSE
	EndGlobalSection
	GlobalSection(ExtensibilityGlobals) = postSolution
		SolutionGuid = {C49A18D1-A67D-4D56-A213-C8E2E30EA0EA}
	EndGlobalSection
EndGlobal
